
Microsoft Visual Studio Solution File, Format Version 12.00
# Visual Studio 15
Project("{FAE04EC0-301F-11D3-BF4B-00C04F79EFBC}") = "CW.Common", "CW.Common.csproj", "{07D7706E-D965-3253-5A6B-DC10EC83BDC9}"
EndProject
Project("{FAE04EC0-301F-11D3-BF4B-00C04F79EFBC}") = "LeanTouch", "LeanTouch.csproj", "{F55B584A-3691-7ABC-B0ED-32CCD21130D9}"
EndProject
Project("{FAE04EC0-301F-11D3-BF4B-00C04F79EFBC}") = "Assembly-CSharp", "Assembly-CSharp.csproj", "{AE7A3016-FC9D-692B-6B4E-44C8EE58C6FF}"
EndProject
Project("{FAE04EC0-301F-11D3-BF4B-00C04F79EFBC}") = "LeanCommon", "LeanCommon.csproj", "{2EE602A3-0019-DE83-524D-25A2350FF912}"
EndProject
Project("{FAE04EC0-301F-11D3-BF4B-00C04F79EFBC}") = "EditorMigrationScripts", "EditorMigrationScripts.csproj", "{9B50F510-25F1-CD51-5585-61B4EA64BAE2}"
EndProject
Global
	GlobalSection(SolutionConfigurationPlatforms) = preSolution
		Debug|Any CPU = Debug|Any CPU
		Release|Any CPU = Release|Any CPU
	EndGlobalSection
	GlobalSection(ProjectConfigurationPlatforms) = postSolution
		{07D7706E-D965-3253-5A6B-DC10EC83BDC9}.Debug|Any CPU.ActiveCfg = Debug|Any CPU
		{07D7706E-D965-3253-5A6B-DC10EC83BDC9}.Debug|Any CPU.Build.0 = Debug|Any CPU
		{07D7706E-D965-3253-5A6B-DC10EC83BDC9}.Release|Any CPU.ActiveCfg = Release|Any CPU
		{07D7706E-D965-3253-5A6B-DC10EC83BDC9}.Release|Any CPU.Build.0 = Release|Any CPU
		{F55B584A-3691-7ABC-B0ED-32CCD21130D9}.Debug|Any CPU.ActiveCfg = Debug|Any CPU
		{F55B584A-3691-7ABC-B0ED-32CCD21130D9}.Debug|Any CPU.Build.0 = Debug|Any CPU
		{F55B584A-3691-7ABC-B0ED-32CCD21130D9}.Release|Any CPU.ActiveCfg = Release|Any CPU
		{F55B584A-3691-7ABC-B0ED-32CCD21130D9}.Release|Any CPU.Build.0 = Release|Any CPU
		{AE7A3016-FC9D-692B-6B4E-44C8EE58C6FF}.Debug|Any CPU.ActiveCfg = Debug|Any CPU
		{AE7A3016-FC9D-692B-6B4E-44C8EE58C6FF}.Debug|Any CPU.Build.0 = Debug|Any CPU
		{AE7A3016-FC9D-692B-6B4E-44C8EE58C6FF}.Release|Any CPU.ActiveCfg = Release|Any CPU
		{AE7A3016-FC9D-692B-6B4E-44C8EE58C6FF}.Release|Any CPU.Build.0 = Release|Any CPU
		{2EE602A3-0019-DE83-524D-25A2350FF912}.Debug|Any CPU.ActiveCfg = Debug|Any CPU
		{2EE602A3-0019-DE83-524D-25A2350FF912}.Debug|Any CPU.Build.0 = Debug|Any CPU
		{2EE602A3-0019-DE83-524D-25A2350FF912}.Release|Any CPU.ActiveCfg = Release|Any CPU
		{2EE602A3-0019-DE83-524D-25A2350FF912}.Release|Any CPU.Build.0 = Release|Any CPU
		{9B50F510-25F1-CD51-5585-61B4EA64BAE2}.Debug|Any CPU.ActiveCfg = Debug|Any CPU
		{9B50F510-25F1-CD51-5585-61B4EA64BAE2}.Debug|Any CPU.Build.0 = Debug|Any CPU
		{9B50F510-25F1-CD51-5585-61B4EA64BAE2}.Release|Any CPU.ActiveCfg = Release|Any CPU
		{9B50F510-25F1-CD51-5585-61B4EA64BAE2}.Release|Any CPU.Build.0 = Release|Any CPU
	EndGlobalSection
	GlobalSection(SolutionProperties) = preSolution
		HideSolutionNode = FALSE
	EndGlobalSection
EndGlobal
